
Microsoft Visual Studio Solution File, Format Version 12.00
# Visual Studio Version 17
VisualStudioVersion = 17.9.34622.214
MinimumVisualStudioVersion = 10.0.40219.1
Project("{9A19103F-16F7-4668-BE54-9A1E7A4F7556}") = "ConsolaObligatorio", "ConsolaObligatorio\ConsolaObligatorio.csproj", "{56BDC14C-CCD2-492F-A817-43DEFFCF41D9}"
EndProject
Project("{FAE04EC0-301F-11D3-BF4B-00C04F79EFBC}") = "Dominio2", "Dominio2\Dominio2.csproj", "{D6D7B4EE-A699-485E-8693-47EEEAD3FED7}"
EndProject
Global
	GlobalSection(SolutionConfigurationPlatforms) = preSolution
		Debug|Any CPU = Debug|Any CPU
		Release|Any CPU = Release|Any CPU
	EndGlobalSection
	GlobalSection(ProjectConfigurationPlatforms) = postSolution
		{56BDC14C-CCD2-492F-A817-43DEFFCF41D9}.Debug|Any CPU.ActiveCfg = Debug|Any CPU
		{56BDC14C-CCD2-492F-A817-43DEFFCF41D9}.Debug|Any CPU.Build.0 = Debug|Any CPU
		{56BDC14C-CCD2-492F-A817-43DEFFCF41D9}.Release|Any CPU.ActiveCfg = Release|Any CPU
		{56BDC14C-CCD2-492F-A817-43DEFFCF41D9}.Release|Any CPU.Build.0 = Release|Any CPU
		{D6D7B4EE-A699-485E-8693-47EEEAD3FED7}.Debug|Any CPU.ActiveCfg = Debug|Any CPU
		{D6D7B4EE-A699-485E-8693-47EEEAD3FED7}.Debug|Any CPU.Build.0 = Debug|Any CPU
		{D6D7B4EE-A699-485E-8693-47EEEAD3FED7}.Release|Any CPU.ActiveCfg = Release|Any CPU
		{D6D7B4EE-A699-485E-8693-47EEEAD3FED7}.Release|Any CPU.Build.0 = Release|Any CPU
	EndGlobalSection
	GlobalSection(SolutionProperties) = preSolution
		HideSolutionNode = FALSE
	EndGlobalSection
	GlobalSection(ExtensibilityGlobals) = postSolution
		SolutionGuid = {12ACAAF3-6156-4512-A133-10454D87F2D7}
	EndGlobalSection
EndGlobal
